<?xml version="1.0" encoding="utf-8"?>
<Project ToolsVersion="4.0" xmlns="http://schemas.microsoft.com/developer/msbuild/2003">
  <ItemGroup>
    <Filter Include="Source Files">
      <UniqueIdentifier>{4FC737F1-C7A5-4376-A066-2A32D752A2FF}</UniqueIdentifier>
      <Extensions>cpp;c;cc;cxx;def;odl;idl;hpj;bat;asm;asmx</Extensions>
    </Filter>
    <Filter Include="Resource Files">
      <UniqueIdentifier>{67DA6AB6-F800-4c08-8B7A-83BB121AAD01}</UniqueIdentifier>
      <Extensions>rc;ico;cur;bmp;dlg;rc2;rct;bin;rgs;gif;jpg;jpeg;jpe;resx;tiff;tif;png;wav;mfcribbon-ms</Extensions>
    </Filter>
    <Filter Include="Shaders">
      <UniqueIdentifier>{c8e9ea3c-e5d5-4242-9819-331221d98f7c}</UniqueIdentifier>
    </Filter>
    <Filter Include="Source Files\Shader Interfaces">
      <UniqueIdentifier>{f35b15ae-23df-4ba9-ab21-39c5ceff7db1}</UniqueIdentifier>
    </Filter>
    <Filter Include="Source Files\Helpers">
      <UniqueIdentifier>{201c8944-c884-48fc-811e-e6d15440d64a}</UniqueIdentifier>
    </Filter>
    <Filter Include="Source Files\Radiosity">
      <UniqueIdentifier>{bbacf974-a139-4170-be54-8d4b6de5daeb}</UniqueIdentifier>
    </Filter>
  </ItemGroup>
  <ItemGroup>
    <ClCompile Include="source\Scene.cpp">
      <Filter>Source Files</Filter>
    </ClCompile>
    <ClCompile Include="source\SceneShaderInterface.cpp">
      <Filter>Source Files\Shader Interfaces</Filter>
    </ClCompile>
    <ClCompile Include="source\Quad.cpp">
      <Filter>Source Files\Radiosity</Filter>
    </ClCompile>
    <ClCompile Include="source\Camera.cpp">
      <Filter>Source Files\Helpers</Filter>
    </ClCompile>
    <ClCompile Include="source\Utils.cpp">
      <Filter>Source Files\Helpers</Filter>
    </ClCompile>
    <ClCompile Include="source\main.cpp">
      <Filter>Source Files</Filter>
    </ClCompile>
    <ClCompile Include="source\VisibilityShaderInterface.cpp">
      <Filter>Source Files\Shader Interfaces</Filter>
    </ClCompile>
    <ClCompile Include="source\QuadMesh.cpp">
      <Filter>Source Files\Radiosity</Filter>
    </ClCompile>
    <ClCompile Include="source\ReconstructShaderInterface.cpp">
      <Filter>Source Files\Shader Interfaces</Filter>
    </ClCompile>
    <ClCompile Include="source\SubdivideShaderInterface.cpp">
      <Filter>Source Files\Shader Interfaces</Filter>
    </ClCompile>
    <ClCompile Include="source\GradientShaderInterface.cpp">
      <Filter>Source Files\Shader Interfaces</Filter>
    </ClCompile>
  </ItemGroup>
  <ItemGroup>
    <ClInclude Include="source\Scene.h">
      <Filter>Source Files</Filter>
    </ClInclude>
    <ClInclude Include="source\SceneShaderInterface.h">
      <Filter>Source Files\Shader Interfaces</Filter>
    </ClInclude>
    <ClInclude Include="source\glincludes.h">
      <Filter>Source Files\Helpers</Filter>
    </ClInclude>
    <ClInclude Include="source\Quad.h">
      <Filter>Source Files\Radiosity</Filter>
    </ClInclude>
    <ClInclude Include="source\Camera.h">
      <Filter>Source Files\Helpers</Filter>
    </ClInclude>
    <ClInclude Include="source\Utils.h">
      <Filter>Source Files\Helpers</Filter>
    </ClInclude>
    <ClInclude Include="source\VisibilityShaderInterface.h">
      <Filter>Source Files\Shader Interfaces</Filter>
    </ClInclude>
    <ClInclude Include="source\QuadMesh.h">
      <Filter>Source Files\Radiosity</Filter>
    </ClInclude>
    <ClInclude Include="source\ReconstructShaderInterface.h">
      <Filter>Source Files\Shader Interfaces</Filter>
    </ClInclude>
    <ClInclude Include="source\SubdivideShaderInterface.h">
      <Filter>Source Files\Shader Interfaces</Filter>
    </ClInclude>
    <ClInclude Include="source\GradientShaderInterface.h">
      <Filter>Source Files\Shader Interfaces</Filter>
    </ClInclude>
  </ItemGroup>
  <ItemGroup>
    <None Include="shaders\scene.frag">
      <Filter>Shaders</Filter>
    </None>
    <None Include="shaders\scene.vert">
      <Filter>Shaders</Filter>
    </None>
    <None Include="shaders\visibility.frag">
      <Filter>Shaders</Filter>
    </None>
    <None Include="shaders\visibility.vert">
      <Filter>Shaders</Filter>
    </None>
    <None Include="shaders\visibility.tc.glsl">
      <Filter>Shaders</Filter>
    </None>
    <None Include="shaders\visibility.te.glsl">
      <Filter>Shaders</Filter>
    </None>
    <None Include="shaders\reconstruct.frag">
      <Filter>Shaders</Filter>
    </None>
    <None Include="shaders\reconstruct.vert">
      <Filter>Shaders</Filter>
    </None>
    <None Include="shaders\subdivide.frag">
      <Filter>Shaders</Filter>
    </None>
    <None Include="shaders\subdivide.vert">
      <Filter>Shaders</Filter>
    </None>
    <None Include="shaders\gradient.frag">
      <Filter>Shaders</Filter>
    </None>
    <None Include="shaders\gradient.vert">
      <Filter>Shaders</Filter>
    </None>
  </ItemGroup>
</Project>